
Microsoft Visual Studio Solution File, Format Version 12.00
# Visual Studio Version 17
VisualStudioVersion = 17.13.35825.156
MinimumVisualStudioVersion = 10.0.40219.1
Project("{FAE04EC0-301F-11D3-BF4B-00C04F79EFBC}") = "backend", "backend\backend.csproj", "{29991853-DC4F-4297-98D9-5E0471A55D57}"
EndProject
Project("{FAE04EC0-301F-11D3-BF4B-00C04F79EFBC}") = "Frontend", "Frontend\Frontend.csproj", "{91E68717-EFC1-4E2C-8AD2-96BA223A5B42}"
EndProject
Global
	GlobalSection(SolutionConfigurationPlatforms) = preSolution
		Debug|Any CPU = Debug|Any CPU
		Release|Any CPU = Release|Any CPU
	EndGlobalSection
	GlobalSection(ProjectConfigurationPlatforms) = postSolution
		{29991853-DC4F-4297-98D9-5E0471A55D57}.Debug|Any CPU.ActiveCfg = Debug|Any CPU
		{29991853-DC4F-4297-98D9-5E0471A55D57}.Debug|Any CPU.Build.0 = Debug|Any CPU
		{29991853-DC4F-4297-98D9-5E0471A55D57}.Release|Any CPU.ActiveCfg = Release|Any CPU
		{29991853-DC4F-4297-98D9-5E0471A55D57}.Release|Any CPU.Build.0 = Release|Any CPU
		{91E68717-EFC1-4E2C-8AD2-96BA223A5B42}.Debug|Any CPU.ActiveCfg = Debug|Any CPU
		{91E68717-EFC1-4E2C-8AD2-96BA223A5B42}.Debug|Any CPU.Build.0 = Debug|Any CPU
		{91E68717-EFC1-4E2C-8AD2-96BA223A5B42}.Release|Any CPU.ActiveCfg = Release|Any CPU
		{91E68717-EFC1-4E2C-8AD2-96BA223A5B42}.Release|Any CPU.Build.0 = Release|Any CPU
	EndGlobalSection
	GlobalSection(SolutionProperties) = preSolution
		HideSolutionNode = FALSE
	EndGlobalSection
	GlobalSection(ExtensibilityGlobals) = postSolution
		SolutionGuid = {B90BE7F4-37EC-47AD-A76C-33CFB344DD10}
	EndGlobalSection
EndGlobal
